PODS:
  - Flutter (1.0.0)
  - flutter_gpuimage (0.0.1):
    - Flutter

DEPENDENCIES:
  - Flutter (from `Flutter`)
  - flutter_gpuimage (from `.symlinks/plugins/flutter_gpuimage/ios`)

EXTERNAL SOURCES:
  Flutter:
    :path: Flutter
  flutter_gpuimage:
    :path: ".symlinks/plugins/flutter_gpuimage/ios"

SPEC CHECKSUMS:
  Flutter: 434fef37c0980e73bb6479ef766c45957d4b510c
  flutter_gpuimage: a701201cd0e56aa5ec53b6e2806bcb2cb0fa3edb

PODFILE CHECKSUM: aafe91acc616949ddb318b77800a7f51bffa2a4c

COCOAPODS: 1.10.1
